
Microsoft Visual Studio Solution File, Format Version 12.00
# Visual Studio Version 17
VisualStudioVersion = 17.0.32014.148
MinimumVisualStudioVersion = 10.0.40219.1
Project("{FAE04EC0-301F-11D3-BF4B-00C04F79EFBC}") = "OperatingSystemsProject", "OperatingSystemsProject\OperatingSystemsProject.csproj", "{EE381F4C-C03F-43A4-A279-761F58518D3C}"
EndProject
Global
	GlobalSection(SolutionConfigurationPlatforms) = preSolution
		Debug|Any CPU = Debug|Any CPU
		Release|Any CPU = Release|Any CPU
	EndGlobalSection
	GlobalSection(ProjectConfigurationPlatforms) = postSolution
		{EE381F4C-C03F-43A4-A279-761F58518D3C}.Debug|Any CPU.ActiveCfg = Debug|Any CPU
		{EE381F4C-C03F-43A4-A279-761F58518D3C}.Debug|Any CPU.Build.0 = Debug|Any CPU
		{EE381F4C-C03F-43A4-A279-761F58518D3C}.Release|Any CPU.ActiveCfg = Release|Any CPU
		{EE381F4C-C03F-43A4-A279-761F58518D3C}.Release|Any CPU.Build.0 = Release|Any CPU
	EndGlobalSection
	GlobalSection(SolutionProperties) = preSolution
		HideSolutionNode = FALSE
	EndGlobalSection
	GlobalSection(ExtensibilityGlobals) = postSolution
		SolutionGuid = {65F1587A-D422-49D8-99AE-859C468CDEF6}
	EndGlobalSection
EndGlobal
